// !$*UTF8*$!
{
	archiveVersion = 1;
	classes = {
	};
	objectVersion = 46;
	objects = {

/* Begin PBXBuildFile section */
		5206E88D1B94325B000F46B6 /* AMAppDelegate.swift in Sources */ = {isa = PBXBuildFile; fileRef = 5206E88C1B94325B000F46B6 /* AMAppDelegate.swift */; };
		5206E8941B94325B000F46B6 /* Assets.xcassets in Resources */ = {isa = PBXBuildFile; fileRef = 5206E8931B94325B000F46B6 /* Assets.xcassets */; };
		5206E8A21B94325B000F46B6 /* AutoMallTests.swift in Sources */ = {isa = PBXBuildFile; fileRef = 5206E8A11B94325B000F46B6 /* AutoMallTests.swift */; };
		52343F3F1B99893100E0A977 /* HomeViewController.swift in Sources */ = {isa = PBXBuildFile; fileRef = 52343F3E1B99893100E0A977 /* HomeViewController.swift */; };
		52343F421B99894900E0A977 /* MineViewController.swift in Sources */ = {isa = PBXBuildFile; fileRef = 52343F411B99894900E0A977 /* MineViewController.swift */; };
		52343F441B99895800E0A977 /* SearchViewController.swift in Sources */ = {isa = PBXBuildFile; fileRef = 52343F431B99895800E0A977 /* SearchViewController.swift */; };
		52343F461B99896800E0A977 /* ShopCarViewController.swift in Sources */ = {isa = PBXBuildFile; fileRef = 52343F451B99896800E0A977 /* ShopCarViewController.swift */; };
		52343F481B99897800E0A977 /* SortViewController.swift in Sources */ = {isa = PBXBuildFile; fileRef = 52343F471B99897800E0A977 /* SortViewController.swift */; };
		52AB6E041BA0145C004B8D3E /* JTImagePageView.m in Sources */ = {isa = PBXBuildFile; fileRef = 52AB6E001BA0145C004B8D3E /* JTImagePageView.m */; };
		52AB6E051BA0145C004B8D3E /* JTImageViewCell.m in Sources */ = {isa = PBXBuildFile; fileRef = 52AB6E021BA0145C004B8D3E /* JTImageViewCell.m */; };
		52AB6E061BA0145C004B8D3E /* JTImageViewCell.xib in Resources */ = {isa = PBXBuildFile; fileRef = 52AB6E031BA0145C004B8D3E /* JTImageViewCell.xib */; };
		52AB6E0A1BA01AD2004B8D3E /* AMHTTPRequest.swift in Sources */ = {isa = PBXBuildFile; fileRef = 52AB6E091BA01AD2004B8D3E /* AMHTTPRequest.swift */; };
		52AB6E0C1BA121E4004B8D3E /* AMProductCollectionCell.swift in Sources */ = {isa = PBXBuildFile; fileRef = 52AB6E0B1BA121E4004B8D3E /* AMProductCollectionCell.swift */; };
		52AB6E0F1BA52B39004B8D3E /* AMHomeModel.swift in Sources */ = {isa = PBXBuildFile; fileRef = 52AB6E0E1BA52B39004B8D3E /* AMHomeModel.swift */; };
		52AB6E111BA5B62B004B8D3E /* AMProduct.swift in Sources */ = {isa = PBXBuildFile; fileRef = 52AB6E101BA5B62B004B8D3E /* AMProduct.swift */; };
		52AB6E131BB19CA9004B8D3E /* AMAdvertising.swift in Sources */ = {isa = PBXBuildFile; fileRef = 52AB6E121BB19CA9004B8D3E /* AMAdvertising.swift */; };
		60498D0383F61BD440FB0F51 /* libPods-AutoMall.a in Frameworks */ = {isa = PBXBuildFile; fileRef = 40D5C940865B17A3538A5E84 /* libPods-AutoMall.a */; };
		D07E193A1BB50ADE0092C1CE /* ShopCarHeaderFooterView.swift in Sources */ = {isa = PBXBuildFile; fileRef = D07E19391BB50ADE0092C1CE /* ShopCarHeaderFooterView.swift */; settings = {ASSET_TAGS = (); }; };
		D082B9181BC6080C0029391C /* MineHeaderView.xib in Resources */ = {isa = PBXBuildFile; fileRef = D082B9171BC6080C0029391C /* MineHeaderView.xib */; settings = {ASSET_TAGS = (); }; };
		D082B9221BC60A610029391C /* DesignedButton.m in Sources */ = {isa = PBXBuildFile; fileRef = D082B91D1BC60A600029391C /* DesignedButton.m */; settings = {ASSET_TAGS = (); }; };
		D082B9231BC60A610029391C /* DesignedView.m in Sources */ = {isa = PBXBuildFile; fileRef = D082B91F1BC60A610029391C /* DesignedView.m */; settings = {ASSET_TAGS = (); }; };
		D082B9241BC60A610029391C /* DesignedImageView.m in Sources */ = {isa = PBXBuildFile; fileRef = D082B9211BC60A610029391C /* DesignedImageView.m */; settings = {ASSET_TAGS = (); }; };
		D082B9271BC60B210029391C /* UIView+Designed.m in Sources */ = {isa = PBXBuildFile; fileRef = D082B9261BC60B210029391C /* UIView+Designed.m */; settings = {ASSET_TAGS = (); }; };
		D082B92B1BC60B370029391C /* UIView+AwakeNib.m in Sources */ = {isa = PBXBuildFile; fileRef = D082B92A1BC60B370029391C /* UIView+AwakeNib.m */; settings = {ASSET_TAGS = (); }; };
		D082B9421BC619B00029391C /* UIViewFit.swift in Sources */ = {isa = PBXBuildFile; fileRef = D082B9411BC619B00029391C /* UIViewFit.swift */; settings = {ASSET_TAGS = (); }; };
		D082B9481BC63B3C0029391C /* MyCollectionViewController.swift in Sources */ = {isa = PBXBuildFile; fileRef = D082B9461BC63B3C0029391C /* MyCollectionViewController.swift */; settings = {ASSET_TAGS = (); }; };
		D082B94C1BC63D000029391C /* MyCollectionShopCell.swift in Sources */ = {isa = PBXBuildFile; fileRef = D082B94B1BC63D000029391C /* MyCollectionShopCell.swift */; settings = {ASSET_TAGS = (); }; };
		D082B94E1BC63E050029391C /* MyCollectionProductViewController.swift in Sources */ = {isa = PBXBuildFile; fileRef = D082B94D1BC63E050029391C /* MyCollectionProductViewController.swift */; settings = {ASSET_TAGS = (); }; };
		D082B9501BC63E250029391C /* MyCollectionShopViewController.swift in Sources */ = {isa = PBXBuildFile; fileRef = D082B94F1BC63E250029391C /* MyCollectionShopViewController.swift */; settings = {ASSET_TAGS = (); }; };
		D082B9521BC63F440029391C /* requestDemo.swift in Sources */ = {isa = PBXBuildFile; fileRef = D082B9511BC63F440029391C /* requestDemo.swift */; settings = {ASSET_TAGS = (); }; };
		D082B9541BC643C00029391C /* AMShop.swift in Sources */ = {isa = PBXBuildFile; fileRef = D082B9531BC643C00029391C /* AMShop.swift */; settings = {ASSET_TAGS = (); }; };
		D082B9561BC648B10029391C /* MyCollectionProductCell.swift in Sources */ = {isa = PBXBuildFile; fileRef = D082B9551BC648B10029391C /* MyCollectionProductCell.swift */; settings = {ASSET_TAGS = (); }; };
		D082B9591BC651D10029391C /* MyStoryboard.swift in Sources */ = {isa = PBXBuildFile; fileRef = D082B9581BC651D10029391C /* MyStoryboard.swift */; settings = {ASSET_TAGS = (); }; };
		D082B9691BC659FB0029391C /* Constraint.swift in Sources */ = {isa = PBXBuildFile; fileRef = D082B95B1BC659FB0029391C /* Constraint.swift */; settings = {ASSET_TAGS = (); }; };
		D082B96A1BC659FB0029391C /* ConstraintAttributes.swift in Sources */ = {isa = PBXBuildFile; fileRef = D082B95C1BC659FB0029391C /* ConstraintAttributes.swift */; settings = {ASSET_TAGS = (); }; };
		D082B96B1BC659FB0029391C /* ConstraintDescription.swift in Sources */ = {isa = PBXBuildFile; fileRef = D082B95D1BC659FB0029391C /* ConstraintDescription.swift */; settings = {ASSET_TAGS = (); }; };
		D082B96C1BC659FB0029391C /* ConstraintItem.swift in Sources */ = {isa = PBXBuildFile; fileRef = D082B95E1BC659FB0029391C /* ConstraintItem.swift */; settings = {ASSET_TAGS = (); }; };
		D082B96D1BC659FB0029391C /* ConstraintMaker.swift in Sources */ = {isa = PBXBuildFile; fileRef = D082B95F1BC659FB0029391C /* ConstraintMaker.swift */; settings = {ASSET_TAGS = (); }; };
		D082B96E1BC659FB0029391C /* ConstraintRelation.swift in Sources */ = {isa = PBXBuildFile; fileRef = D082B9601BC659FB0029391C /* ConstraintRelation.swift */; settings = {ASSET_TAGS = (); }; };
		D082B96F1BC659FB0029391C /* Debugging.swift in Sources */ = {isa = PBXBuildFile; fileRef = D082B9611BC659FB0029391C /* Debugging.swift */; settings = {ASSET_TAGS = (); }; };
		D082B9701BC659FB0029391C /* EdgeInsets.swift in Sources */ = {isa = PBXBuildFile; fileRef = D082B9621BC659FB0029391C /* EdgeInsets.swift */; settings = {ASSET_TAGS = (); }; };
		D082B9711BC659FB0029391C /* Info.plist in Resources */ = {isa = PBXBuildFile; fileRef = D082B9631BC659FB0029391C /* Info.plist */; settings = {ASSET_TAGS = (); }; };
		D082B9721BC659FB0029391C /* LayoutConstraint.swift in Sources */ = {isa = PBXBuildFile; fileRef = D082B9641BC659FB0029391C /* LayoutConstraint.swift */; settings = {ASSET_TAGS = (); }; };
		D082B9731BC659FB0029391C /* SnapKit.swift in Sources */ = {isa = PBXBuildFile; fileRef = D082B9661BC659FB0029391C /* SnapKit.swift */; settings = {ASSET_TAGS = (); }; };
		D082B9741BC659FB0029391C /* View+SnapKit.swift in Sources */ = {isa = PBXBuildFile; fileRef = D082B9671BC659FB0029391C /* View+SnapKit.swift */; settings = {ASSET_TAGS = (); }; };
		D082B9751BC659FB0029391C /* ViewController+SnapKit.swift in Sources */ = {isa = PBXBuildFile; fileRef = D082B9681BC659FB0029391C /* ViewController+SnapKit.swift */; settings = {ASSET_TAGS = (); }; };
		D082B9781BC65E610029391C /* ReturnListViewController.swift in Sources */ = {isa = PBXBuildFile; fileRef = D082B9771BC65E610029391C /* ReturnListViewController.swift */; settings = {ASSET_TAGS = (); }; };
		D082B97B1BC662950029391C /* ReturnListCell.swift in Sources */ = {isa = PBXBuildFile; fileRef = D082B97A1BC662950029391C /* ReturnListCell.swift */; settings = {ASSET_TAGS = (); }; };
		D082B97D1BC667140029391C /* AMOrderLine.swift in Sources */ = {isa = PBXBuildFile; fileRef = D082B97C1BC667140029391C /* AMOrderLine.swift */; settings = {ASSET_TAGS = (); }; };
		D082B9841BC75CCB0029391C /* ReturnListViewController.swift in Sources */ = {isa = PBXBuildFile; fileRef = D082B9771BC65E610029391C /* ReturnListViewController.swift */; settings = {ASSET_TAGS = (); }; };
		D092FB1B1BB38B6E00162251 /* MainViewController.swift in Sources */ = {isa = PBXBuildFile; fileRef = D092FB1A1BB38B6E00162251 /* MainViewController.swift */; settings = {ASSET_TAGS = (); }; };
		D092FB1D1BB38F7500162251 /* Launch Screen.storyboard in Resources */ = {isa = PBXBuildFile; fileRef = D092FB1C1BB38F7500162251 /* Launch Screen.storyboard */; settings = {ASSET_TAGS = (); }; };
		D092FB211BB398DA00162251 /* Main.storyboard in Resources */ = {isa = PBXBuildFile; fileRef = D092FB201BB398DA00162251 /* Main.storyboard */; settings = {ASSET_TAGS = (); }; };
		D092FB271BB3A08F00162251 /* MineHeaderView.swift in Sources */ = {isa = PBXBuildFile; fileRef = D092FB261BB3A08F00162251 /* MineHeaderView.swift */; settings = {ASSET_TAGS = (); }; };
		D09E200A1BBB8A9F00E37FA2 /* AMProgressHUD.swift in Sources */ = {isa = PBXBuildFile; fileRef = D09E20081BBB8A9F00E37FA2 /* AMProgressHUD.swift */; settings = {ASSET_TAGS = (); }; };
		D09E20311BBBA7A600E37FA2 /* AMProgressHUD.xcassets in Resources */ = {isa = PBXBuildFile; fileRef = D09E20301BBBA7A600E37FA2 /* AMProgressHUD.xcassets */; settings = {ASSET_TAGS = (); }; };
		D09E20331BBBCDC800E37FA2 /* ShopCarViewController.xib in Resources */ = {isa = PBXBuildFile; fileRef = D09E20321BBBCDC800E37FA2 /* ShopCarViewController.xib */; settings = {ASSET_TAGS = (); }; };
		D0BA7DEE1BB3C3C500AE3343 /* MineOrderCell.swift in Sources */ = {isa = PBXBuildFile; fileRef = D0BA7DEC1BB3C3C500AE3343 /* MineOrderCell.swift */; settings = {ASSET_TAGS = (); }; };
		D0BA7DEF1BB3C3C500AE3343 /* MineOrderCell.xib in Resources */ = {isa = PBXBuildFile; fileRef = D0BA7DED1BB3C3C500AE3343 /* MineOrderCell.xib */; settings = {ASSET_TAGS = (); }; };
		D0BA7DF21BB3C3D900AE3343 /* MineCommonCell.swift in Sources */ = {isa = PBXBuildFile; fileRef = D0BA7DF01BB3C3D900AE3343 /* MineCommonCell.swift */; settings = {ASSET_TAGS = (); }; };
		D0BA7DF31BB3C3D900AE3343 /* MineCommonCell.xib in Resources */ = {isa = PBXBuildFile; fileRef = D0BA7DF11BB3C3D900AE3343 /* MineCommonCell.xib */; settings = {ASSET_TAGS = (); }; };
		D0BA7DF61BB3E6C300AE3343 /* OrderDoneViewController.swift in Sources */ = {isa = PBXBuildFile; fileRef = D0BA7DF51BB3E6C300AE3343 /* OrderDoneViewController.swift */; settings = {ASSET_TAGS = (); }; };
		D0BA7DFA1BB3E6F100AE3343 /* OrderDoneCell.swift in Sources */ = {isa = PBXBuildFile; fileRef = D0BA7DF81BB3E6F100AE3343 /* OrderDoneCell.swift */; settings = {ASSET_TAGS = (); }; };
		D0BA7DFB1BB3E6F100AE3343 /* ShopCarCell.xib in Resources */ = {isa = PBXBuildFile; fileRef = D0BA7DF91BB3E6F100AE3343 /* ShopCarCell.xib */; settings = {ASSET_TAGS = (); }; };
		D0C605C01BB91C0D005E0086 /* PersisFileHelper.swift in Sources */ = {isa = PBXBuildFile; fileRef = D0C605BE1BB91C0D005E0086 /* PersisFileHelper.swift */; settings = {ASSET_TAGS = (); }; };
		D0C605C11BB91C0D005E0086 /* PersisUserDefault.swift in Sources */ = {isa = PBXBuildFile; fileRef = D0C605BF1BB91C0D005E0086 /* PersisUserDefault.swift */; settings = {ASSET_TAGS = (); }; };
		D0C605C81BB92347005E0086 /* BaseFilePath.swift in Sources */ = {isa = PBXBuildFile; fileRef = D0C605C71BB92347005E0086 /* BaseFilePath.swift */; settings = {ASSET_TAGS = (); }; };
		D0C605CA1BB92708005E0086 /* UserBase.swift in Sources */ = {isa = PBXBuildFile; fileRef = D0C605C91BB92708005E0086 /* UserBase.swift */; settings = {ASSET_TAGS = (); }; };
		D0CF46E21BB4E9C800DCE007 /* ShopCarCell.swift in Sources */ = {isa = PBXBuildFile; fileRef = D0CF46E01BB4E9C800DCE007 /* ShopCarCell.swift */; settings = {ASSET_TAGS = (); }; };
		D0CF46E31BB4E9C800DCE007 /* OrderDoneCell.xib in Resources */ = {isa = PBXBuildFile; fileRef = D0CF46E11BB4E9C800DCE007 /* OrderDoneCell.xib */; settings = {ASSET_TAGS = (); }; };
/* End PBXBuildFile section */

/* Begin PBXContainerItemProxy section */
		5206E89E1B94325B000F46B6 /* PBXContainerItemProxy */ = {
			isa = PBXContainerItemProxy;
			containerPortal = 5206E8811B94325B000F46B6 /* Project object */;
			proxyType = 1;
			remoteGlobalIDString = 5206E8881B94325B000F46B6;
			remoteInfo = AutoMall;
		};
/* End PBXContainerItemProxy section */

/* Begin PBXFileReference section */
		40D5C940865B17A3538A5E84 /* libPods-AutoMall.a */ = {isa = PBXFileReference; explicitFileType = archive.ar; includeInIndex = 0; path = "libPods-AutoMall.a"; sourceTree = BUILT_PRODUCTS_DIR; };
		4E796A3DBBE210B9D6104609 /* Pods-AutoMall.debug.xcconfig */ = {isa = PBXFileReference; includeInIndex = 1; lastKnownFileType = text.xcconfig; name = "Pods-AutoMall.debug.xcconfig"; path = "Pods/Target Support Files/Pods-AutoMall/Pods-AutoMall.debug.xcconfig"; sourceTree = "<group>"; };
		5206E8891B94325B000F46B6 /* AutoMall.app */ = {isa = PBXFileReference; explicitFileType = wrapper.application; includeInIndex = 0; path = AutoMall.app; sourceTree = BUILT_PRODUCTS_DIR; };
		5206E88C1B94325B000F46B6 /* AMAppDelegate.swift */ = {isa = PBXFileReference; lastKnownFileType = sourcecode.swift; path = AMAppDelegate.swift; sourceTree = "<group>"; };
		5206E8931B94325B000F46B6 /* Assets.xcassets */ = {isa = PBXFileReference; lastKnownFileType = folder.assetcatalog; name = Assets.xcassets; path = ../Assets.xcassets; sourceTree = "<group>"; };
		5206E8981B94325B000F46B6 /* Info.plist */ = {isa = PBXFileReference; lastKnownFileType = text.plist.xml; name = Info.plist; path = ../Info.plist; sourceTree = "<group>"; };
		5206E89D1B94325B000F46B6 /* AutoMallTests.xctest */ = {isa = PBXFileReference; explicitFileType = wrapper.cfbundle; includeInIndex = 0; path = AutoMallTests.xctest; sourceTree = BUILT_PRODUCTS_DIR; };
		5206E8A11B94325B000F46B6 /* AutoMallTests.swift */ = {isa = PBXFileReference; lastKnownFileType = sourcecode.swift; path = AutoMallTests.swift; sourceTree = "<group>"; };
		5206E8A31B94325B000F46B6 /* Info.plist */ = {isa = PBXFileReference; lastKnownFileType = text.plist.xml; path = Info.plist; sourceTree = "<group>"; };
		52343F3E1B99893100E0A977 /* HomeViewController.swift */ = {isa = PBXFileReference; fileEncoding = 4; lastKnownFileType = sourcecode.swift; path = HomeViewController.swift; sourceTree = "<group>"; };
		52343F411B99894900E0A977 /* MineViewController.swift */ = {isa = PBXFileReference; fileEncoding = 4; lastKnownFileType = sourcecode.swift; path = MineViewController.swift; sourceTree = "<group>"; };
		52343F431B99895800E0A977 /* SearchViewController.swift */ = {isa = PBXFileReference; fileEncoding = 4; lastKnownFileType = sourcecode.swift; path = SearchViewController.swift; sourceTree = "<group>"; };
		52343F451B99896800E0A977 /* ShopCarViewController.swift */ = {isa = PBXFileReference; fileEncoding = 4; lastKnownFileType = sourcecode.swift; path = ShopCarViewController.swift; sourceTree = "<group>"; };
		52343F471B99897800E0A977 /* SortViewController.swift */ = {isa = PBXFileReference; fileEncoding = 4; lastKnownFileType = sourcecode.swift; path = SortViewController.swift; sourceTree = "<group>"; };
		52AB6DFF1BA0145C004B8D3E /* JTImagePageView.h */ = {isa = PBXFileReference; fileEncoding = 4; lastKnownFileType = sourcecode.c.h; path = JTImagePageView.h; sourceTree = "<group>"; };
		52AB6E001BA0145C004B8D3E /* JTImagePageView.m */ = {isa = PBXFileReference; fileEncoding = 4; lastKnownFileType = sourcecode.c.objc; path = JTImagePageView.m; sourceTree = "<group>"; };
		52AB6E011BA0145C004B8D3E /* JTImageViewCell.h */ = {isa = PBXFileReference; fileEncoding = 4; lastKnownFileType = sourcecode.c.h; path = JTImageViewCell.h; sourceTree = "<group>"; };
		52AB6E021BA0145C004B8D3E /* JTImageViewCell.m */ = {isa = PBXFileReference; fileEncoding = 4; lastKnownFileType = sourcecode.c.objc; path = JTImageViewCell.m; sourceTree = "<group>"; };
		52AB6E031BA0145C004B8D3E /* JTImageViewCell.xib */ = {isa = PBXFileReference; fileEncoding = 4; lastKnownFileType = file.xib; path = JTImageViewCell.xib; sourceTree = "<group>"; };
		52AB6E071BA0147C004B8D3E /* AutoMall-Bridging-Header.h */ = {isa = PBXFileReference; fileEncoding = 4; lastKnownFileType = sourcecode.c.h; path = "AutoMall-Bridging-Header.h"; sourceTree = "<group>"; };
		52AB6E091BA01AD2004B8D3E /* AMHTTPRequest.swift */ = {isa = PBXFileReference; fileEncoding = 4; lastKnownFileType = sourcecode.swift; path = AMHTTPRequest.swift; sourceTree = "<group>"; };
		52AB6E0B1BA121E4004B8D3E /* AMProductCollectionCell.swift */ = {isa = PBXFileReference; fileEncoding = 4; lastKnownFileType = sourcecode.swift; path = AMProductCollectionCell.swift; sourceTree = "<group>"; };
		52AB6E0E1BA52B39004B8D3E /* AMHomeModel.swift */ = {isa = PBXFileReference; fileEncoding = 4; lastKnownFileType = sourcecode.swift; path = AMHomeModel.swift; sourceTree = "<group>"; };
		52AB6E101BA5B62B004B8D3E /* AMProduct.swift */ = {isa = PBXFileReference; fileEncoding = 4; lastKnownFileType = sourcecode.swift; path = AMProduct.swift; sourceTree = "<group>"; };
		52AB6E121BB19CA9004B8D3E /* AMAdvertising.swift */ = {isa = PBXFileReference; fileEncoding = 4; lastKnownFileType = sourcecode.swift; path = AMAdvertising.swift; sourceTree = "<group>"; };
		A3419E18DBA05A391457B162 /* Pods-AutoMall.release.xcconfig */ = {isa = PBXFileReference; includeInIndex = 1; lastKnownFileType = text.xcconfig; name = "Pods-AutoMall.release.xcconfig"; path = "Pods/Target Support Files/Pods-AutoMall/Pods-AutoMall.release.xcconfig"; sourceTree = "<group>"; };
		D07E19391BB50ADE0092C1CE /* ShopCarHeaderFooterView.swift */ = {isa = PBXFileReference; fileEncoding = 4; lastKnownFileType = sourcecode.swift; path = ShopCarHeaderFooterView.swift; sourceTree = "<group>"; };
		D082B9171BC6080C0029391C /* MineHeaderView.xib */ = {isa = PBXFileReference; fileEncoding = 4; lastKnownFileType = file.xib; path = MineHeaderView.xib; sourceTree = "<group>"; };
		D082B91C1BC60A600029391C /* DesignedButton.h */ = {isa = PBXFileReference; fileEncoding = 4; lastKnownFileType = sourcecode.c.h; path = DesignedButton.h; sourceTree = "<group>"; };
		D082B91D1BC60A600029391C /* DesignedButton.m */ = {isa = PBXFileReference; fileEncoding = 4; lastKnownFileType = sourcecode.c.objc; path = DesignedButton.m; sourceTree = "<group>"; };
		D082B91E1BC60A600029391C /* DesignedView.h */ = {isa = PBXFileReference; fileEncoding = 4; lastKnownFileType = sourcecode.c.h; path = DesignedView.h; sourceTree = "<group>"; };
		D082B91F1BC60A610029391C /* DesignedView.m */ = {isa = PBXFileReference; fileEncoding = 4; lastKnownFileType = sourcecode.c.objc; path = DesignedView.m; sourceTree = "<group>"; };
		D082B9201BC60A610029391C /* DesignedImageView.h */ = {isa = PBXFileReference; fileEncoding = 4; lastKnownFileType = sourcecode.c.h; path = DesignedImageView.h; sourceTree = "<group>"; };
		D082B9211BC60A610029391C /* DesignedImageView.m */ = {isa = PBXFileReference; fileEncoding = 4; lastKnownFileType = sourcecode.c.objc; path = DesignedImageView.m; sourceTree = "<group>"; };
		D082B9251BC60B210029391C /* UIView+Designed.h */ = {isa = PBXFileReference; fileEncoding = 4; lastKnownFileType = sourcecode.c.h; path = "UIView+Designed.h"; sourceTree = "<group>"; };
		D082B9261BC60B210029391C /* UIView+Designed.m */ = {isa = PBXFileReference; fileEncoding = 4; lastKnownFileType = sourcecode.c.objc; path = "UIView+Designed.m"; sourceTree = "<group>"; };
		D082B9291BC60B370029391C /* UIView+AwakeNib.h */ = {isa = PBXFileReference; fileEncoding = 4; lastKnownFileType = sourcecode.c.h; path = "UIView+AwakeNib.h"; sourceTree = "<group>"; };
		D082B92A1BC60B370029391C /* UIView+AwakeNib.m */ = {isa = PBXFileReference; fileEncoding = 4; lastKnownFileType = sourcecode.c.objc; path = "UIView+AwakeNib.m"; sourceTree = "<group>"; };
		D082B9411BC619B00029391C /* UIViewFit.swift */ = {isa = PBXFileReference; fileEncoding = 4; lastKnownFileType = sourcecode.swift; path = UIViewFit.swift; sourceTree = "<group>"; };
		D082B9431BC61B480029391C /* UIScreenExtension.swift */ = {isa = PBXFileReference; fileEncoding = 4; lastKnownFileType = sourcecode.swift; name = UIScreenExtension.swift; path = ../../ShenKHealthy/UIScreenExtension.swift; sourceTree = "<group>"; };
		D082B9461BC63B3C0029391C /* MyCollectionViewController.swift */ = {isa = PBXFileReference; fileEncoding = 4; lastKnownFileType = sourcecode.swift; path = MyCollectionViewController.swift; sourceTree = "<group>"; };
		D082B94B1BC63D000029391C /* MyCollectionShopCell.swift */ = {isa = PBXFileReference; fileEncoding = 4; lastKnownFileType = sourcecode.swift; path = MyCollectionShopCell.swift; sourceTree = "<group>"; };
		D082B94D1BC63E050029391C /* MyCollectionProductViewController.swift */ = {isa = PBXFileReference; fileEncoding = 4; lastKnownFileType = sourcecode.swift; path = MyCollectionProductViewController.swift; sourceTree = "<group>"; };
		D082B94F1BC63E250029391C /* MyCollectionShopViewController.swift */ = {isa = PBXFileReference; fileEncoding = 4; lastKnownFileType = sourcecode.swift; path = MyCollectionShopViewController.swift; sourceTree = "<group>"; };
		D082B9511BC63F440029391C /* requestDemo.swift */ = {isa = PBXFileReference; fileEncoding = 4; lastKnownFileType = sourcecode.swift; path = requestDemo.swift; sourceTree = "<group>"; };
		D082B9531BC643C00029391C /* AMShop.swift */ = {isa = PBXFileReference; fileEncoding = 4; lastKnownFileType = sourcecode.swift; path = AMShop.swift; sourceTree = "<group>"; };
		D082B9551BC648B10029391C /* MyCollectionProductCell.swift */ = {isa = PBXFileReference; fileEncoding = 4; lastKnownFileType = sourcecode.swift; path = MyCollectionProductCell.swift; sourceTree = "<group>"; };
		D082B9581BC651D10029391C /* MyStoryboard.swift */ = {isa = PBXFileReference; fileEncoding = 4; lastKnownFileType = sourcecode.swift; path = MyStoryboard.swift; sourceTree = "<group>"; };
		D082B95B1BC659FB0029391C /* Constraint.swift */ = {isa = PBXFileReference; fileEncoding = 4; lastKnownFileType = sourcecode.swift; path = Constraint.swift; sourceTree = "<group>"; };
		D082B95C1BC659FB0029391C /* ConstraintAttributes.swift */ = {isa = PBXFileReference; fileEncoding = 4; lastKnownFileType = sourcecode.swift; path = ConstraintAttributes.swift; sourceTree = "<group>"; };
		D082B95D1BC659FB0029391C /* ConstraintDescription.swift */ = {isa = PBXFileReference; fileEncoding = 4; lastKnownFileType = sourcecode.swift; path = ConstraintDescription.swift; sourceTree = "<group>"; };
		D082B95E1BC659FB0029391C /* ConstraintItem.swift */ = {isa = PBXFileReference; fileEncoding = 4; lastKnownFileType = sourcecode.swift; path = ConstraintItem.swift; sourceTree = "<group>"; };
		D082B95F1BC659FB0029391C /* ConstraintMaker.swift */ = {isa = PBXFileReference; fileEncoding = 4; lastKnownFileType = sourcecode.swift; path = ConstraintMaker.swift; sourceTree = "<group>"; };
		D082B9601BC659FB0029391C /* ConstraintRelation.swift */ = {isa = PBXFileReference; fileEncoding = 4; lastKnownFileType = sourcecode.swift; path = ConstraintRelation.swift; sourceTree = "<group>"; };
		D082B9611BC659FB0029391C /* Debugging.swift */ = {isa = PBXFileReference; fileEncoding = 4; lastKnownFileType = sourcecode.swift; path = Debugging.swift; sourceTree = "<group>"; };
		D082B9621BC659FB0029391C /* EdgeInsets.swift */ = {isa = PBXFileReference; fileEncoding = 4; lastKnownFileType = sourcecode.swift; path = EdgeInsets.swift; sourceTree = "<group>"; };
		D082B9631BC659FB0029391C /* Info.plist */ = {isa = PBXFileReference; fileEncoding = 4; lastKnownFileType = text.plist.xml; path = Info.plist; sourceTree = "<group>"; };
		D082B9641BC659FB0029391C /* LayoutConstraint.swift */ = {isa = PBXFileReference; fileEncoding = 4; lastKnownFileType = sourcecode.swift; path = LayoutConstraint.swift; sourceTree = "<group>"; };
		D082B9651BC659FB0029391C /* SnapKit.h */ = {isa = PBXFileReference; fileEncoding = 4; lastKnownFileType = sourcecode.c.h; path = SnapKit.h; sourceTree = "<group>"; };
		D082B9661BC659FB0029391C /* SnapKit.swift */ = {isa = PBXFileReference; fileEncoding = 4; lastKnownFileType = sourcecode.swift; path = SnapKit.swift; sourceTree = "<group>"; };
		D082B9671BC659FB0029391C /* View+SnapKit.swift */ = {isa = PBXFileReference; fileEncoding = 4; lastKnownFileType = sourcecode.swift; path = "View+SnapKit.swift"; sourceTree = "<group>"; };
		D082B9681BC659FB0029391C /* ViewController+SnapKit.swift */ = {isa = PBXFileReference; fileEncoding = 4; lastKnownFileType = sourcecode.swift; path = "ViewController+SnapKit.swift"; sourceTree = "<group>"; };
		D082B9771BC65E610029391C /* ReturnListViewController.swift */ = {isa = PBXFileReference; fileEncoding = 4; lastKnownFileType = sourcecode.swift; path = ReturnListViewController.swift; sourceTree = "<group>"; };
		D082B97A1BC662950029391C /* ReturnListCell.swift */ = {isa = PBXFileReference; fileEncoding = 4; lastKnownFileType = sourcecode.swift; path = ReturnListCell.swift; sourceTree = "<group>"; };
		D082B97C1BC667140029391C /* AMOrderLine.swift */ = {isa = PBXFileReference; fileEncoding = 4; lastKnownFileType = sourcecode.swift; path = AMOrderLine.swift; sourceTree = "<group>"; };
		D092FB1A1BB38B6E00162251 /* MainViewController.swift */ = {isa = PBXFileReference; fileEncoding = 4; lastKnownFileType = sourcecode.swift; path = MainViewController.swift; sourceTree = "<group>"; };
		D092FB1C1BB38F7500162251 /* Launch Screen.storyboard */ = {isa = PBXFileReference; fileEncoding = 4; lastKnownFileType = file.storyboard; path = "Launch Screen.storyboard"; sourceTree = "<group>"; };
		D092FB201BB398DA00162251 /* Main.storyboard */ = {isa = PBXFileReference; fileEncoding = 4; lastKnownFileType = file.storyboard; path = Main.storyboard; sourceTree = "<group>"; };
		D092FB261BB3A08F00162251 /* MineHeaderView.swift */ = {isa = PBXFileReference; fileEncoding = 4; lastKnownFileType = sourcecode.swift; path = MineHeaderView.swift; sourceTree = "<group>"; };
		D09E20081BBB8A9F00E37FA2 /* AMProgressHUD.swift */ = {isa = PBXFileReference; fileEncoding = 4; lastKnownFileType = sourcecode.swift; path = AMProgressHUD.swift; sourceTree = "<group>"; };
		D09E20301BBBA7A600E37FA2 /* AMProgressHUD.xcassets */ = {isa = PBXFileReference; lastKnownFileType = folder.assetcatalog; path = AMProgressHUD.xcassets; sourceTree = "<group>"; };
		D09E20321BBBCDC800E37FA2 /* ShopCarViewController.xib */ = {isa = PBXFileReference; fileEncoding = 4; lastKnownFileType = file.xib; path = ShopCarViewController.xib; sourceTree = "<group>"; };
		D0BA7DEC1BB3C3C500AE3343 /* MineOrderCell.swift */ = {isa = PBXFileReference; fileEncoding = 4; lastKnownFileType = sourcecode.swift; path = MineOrderCell.swift; sourceTree = "<group>"; };
		D0BA7DED1BB3C3C500AE3343 /* MineOrderCell.xib */ = {isa = PBXFileReference; fileEncoding = 4; lastKnownFileType = file.xib; path = MineOrderCell.xib; sourceTree = "<group>"; };
		D0BA7DF01BB3C3D900AE3343 /* MineCommonCell.swift */ = {isa = PBXFileReference; fileEncoding = 4; lastKnownFileType = sourcecode.swift; path = MineCommonCell.swift; sourceTree = "<group>"; };
		D0BA7DF11BB3C3D900AE3343 /* MineCommonCell.xib */ = {isa = PBXFileReference; fileEncoding = 4; lastKnownFileType = file.xib; path = MineCommonCell.xib; sourceTree = "<group>"; };
		D0BA7DF51BB3E6C300AE3343 /* OrderDoneViewController.swift */ = {isa = PBXFileReference; fileEncoding = 4; lastKnownFileType = sourcecode.swift; path = OrderDoneViewController.swift; sourceTree = "<group>"; };
		D0BA7DF81BB3E6F100AE3343 /* OrderDoneCell.swift */ = {isa = PBXFileReference; fileEncoding = 4; lastKnownFileType = sourcecode.swift; path = OrderDoneCell.swift; sourceTree = "<group>"; };
		D0BA7DF91BB3E6F100AE3343 /* ShopCarCell.xib */ = {isa = PBXFileReference; fileEncoding = 4; lastKnownFileType = file.xib; name = ShopCarCell.xib; path = ../MineVIewController/ShopCarCell.xib; sourceTree = "<group>"; };
		D0C605BE1BB91C0D005E0086 /* PersisFileHelper.swift */ = {isa = PBXFileReference; fileEncoding = 4; lastKnownFileType = sourcecode.swift; path = PersisFileHelper.swift; sourceTree = "<group>"; };
		D0C605BF1BB91C0D005E0086 /* PersisUserDefault.swift */ = {isa = PBXFileReference; fileEncoding = 4; lastKnownFileType = sourcecode.swift; path = PersisUserDefault.swift; sourceTree = "<group>"; };
		D0C605C71BB92347005E0086 /* BaseFilePath.swift */ = {isa = PBXFileReference; fileEncoding = 4; lastKnownFileType = sourcecode.swift; path = BaseFilePath.swift; sourceTree = "<group>"; };
		D0C605C91BB92708005E0086 /* UserBase.swift */ = {isa = PBXFileReference; fileEncoding = 4; lastKnownFileType = sourcecode.swift; path = UserBase.swift; sourceTree = "<group>"; };
		D0CBEA961BBA59A400976B2E /* readme.strings */ = {isa = PBXFileReference; fileEncoding = 4; lastKnownFileType = text.plist.strings; path = readme.strings; sourceTree = "<group>"; };
		D0CF46E01BB4E9C800DCE007 /* ShopCarCell.swift */ = {isa = PBXFileReference; fileEncoding = 4; lastKnownFileType = sourcecode.swift; path = ShopCarCell.swift; sourceTree = "<group>"; };
		D0CF46E11BB4E9C800DCE007 /* OrderDoneCell.xib */ = {isa = PBXFileReference; fileEncoding = 4; lastKnownFileType = file.xib; name = OrderDoneCell.xib; path = ../ShopCarViewController/OrderDoneCell.xib; sourceTree = "<group>"; };
/* End PBXFileReference section */

/* Begin PBXFrameworksBuildPhase section */
		5206E8861B94325B000F46B6 /* Frameworks */ = {
			isa = PBXFrameworksBuildPhase;
			buildActionMask = 2147483647;
			files = (
				60498D0383F61BD440FB0F51 /* libPods-AutoMall.a in Frameworks */,
			);
			runOnlyForDeploymentPostprocessing = 0;
		};
		5206E89A1B94325B000F46B6 /* Frameworks */ = {
			isa = PBXFrameworksBuildPhase;
			buildActionMask = 2147483647;
			files = (
			);
			runOnlyForDeploymentPostprocessing = 0;
		};
/* End PBXFrameworksBuildPhase section */

/* Begin PBXGroup section */
		5206E8801B94325B000F46B6 = {
			isa = PBXGroup;
			children = (
				5206E88B1B94325B000F46B6 /* AutoMall */,
				5206E8A01B94325B000F46B6 /* AutoMallTests */,
				5206E88A1B94325B000F46B6 /* Products */,
				9330753642AD30448769E970 /* Pods */,
				CFE29BD7059DF73CC82876F1 /* Frameworks */,
			);
			sourceTree = "<group>";
		};
		5206E88A1B94325B000F46B6 /* Products */ = {
			isa = PBXGroup;
			children = (
				5206E8891B94325B000F46B6 /* AutoMall.app */,
				5206E89D1B94325B000F46B6 /* AutoMallTests.xctest */,
			);
			name = Products;
			sourceTree = "<group>";
		};
		5206E88B1B94325B000F46B6 /* AutoMall */ = {
			isa = PBXGroup;
			children = (
				D0CBEA961BBA59A400976B2E /* readme.strings */,
				D082B9511BC63F440029391C /* requestDemo.swift */,
				D07E193B1BB50BDE0092C1CE /* Extension */,
				52AB6E0D1BA2BDB0004B8D3E /* Model */,
				52AB6E081BA01A76004B8D3E /* GlobalClass */,
				52F9FD7D1B9FDC280067C498 /* CustomViews */,
				52343F351B9985E900E0A977 /* Library */,
				52343F361B9985E900E0A977 /* OtherSource */,
				52343F371B9985E900E0A977 /* ViewControllers */,
				5206E88C1B94325B000F46B6 /* AMAppDelegate.swift */,
				D092FB1C1BB38F7500162251 /* Launch Screen.storyboard */,
				D092FB201BB398DA00162251 /* Main.storyboard */,
			);
			path = AutoMall;
			sourceTree = "<group>";
		};
		5206E8A01B94325B000F46B6 /* AutoMallTests */ = {
			isa = PBXGroup;
			children = (
				5206E8A11B94325B000F46B6 /* AutoMallTests.swift */,
				5206E8A31B94325B000F46B6 /* Info.plist */,
			);
			path = AutoMallTests;
			sourceTree = "<group>";
		};
		52343F351B9985E900E0A977 /* Library */ = {
			isa = PBXGroup;
			children = (
				D082B95A1BC659ED0029391C /* SnapKit */,
				52AB6DFE1BA0145C004B8D3E /* JTImagePageView */,
			);
			path = Library;
			sourceTree = "<group>";
		};
		52343F361B9985E900E0A977 /* OtherSource */ = {
			isa = PBXGroup;
			children = (
				52AB6E071BA0147C004B8D3E /* AutoMall-Bridging-Header.h */,
				5206E8931B94325B000F46B6 /* Assets.xcassets */,
				5206E8981B94325B000F46B6 /* Info.plist */,
			);
			path = OtherSource;
			sourceTree = "<group>";
		};
		52343F371B9985E900E0A977 /* ViewControllers */ = {
			isa = PBXGroup;
			children = (
				D092FB191BB38B6E00162251 /* MainViewController */,
				52343F381B99891700E0A977 /* HomeViewController */,
				52343F3A1B99891700E0A977 /* MineVIewController */,
				52343F3B1B99891700E0A977 /* SearchViewController */,
				52343F3C1B99891700E0A977 /* ShopCarViewController */,
				52343F3D1B99891700E0A977 /* SortViewController */,
			);
			path = ViewControllers;
			sourceTree = "<group>";
		};
		52343F381B99891700E0A977 /* HomeViewController */ = {
			isa = PBXGroup;
			children = (
				52343F3E1B99893100E0A977 /* HomeViewController.swift */,
			);
			path = HomeViewController;
			sourceTree = "<group>";
		};
		52343F3A1B99891700E0A977 /* MineVIewController */ = {
			isa = PBXGroup;
			children = (
				D082B9761BC65DC20029391C /* ReturnList */,
				D082B9451BC63B1F0029391C /* myCollection */,
				D0BA7DF41BB3E69600AE3343 /* OrderDone */,
				D092FB221BB3A04C00162251 /* components */,
				52343F411B99894900E0A977 /* MineViewController.swift */,
			);
			path = MineVIewController;
			sourceTree = "<group>";
		};
		52343F3B1B99891700E0A977 /* SearchViewController */ = {
			isa = PBXGroup;
			children = (
				52343F431B99895800E0A977 /* SearchViewController.swift */,
			);
			path = SearchViewController;
			sourceTree = "<group>";
		};
		52343F3C1B99891700E0A977 /* ShopCarViewController */ = {
			isa = PBXGroup;
			children = (
				D0CF46DF1BB4E9A000DCE007 /* component */,
				52343F451B99896800E0A977 /* ShopCarViewController.swift */,
				D09E20321BBBCDC800E37FA2 /* ShopCarViewController.xib */,
			);
			path = ShopCarViewController;
			sourceTree = "<group>";
		};
		52343F3D1B99891700E0A977 /* SortViewController */ = {
			isa = PBXGroup;
			children = (
				52343F471B99897800E0A977 /* SortViewController.swift */,
			);
			path = SortViewController;
			sourceTree = "<group>";
		};
		52AB6DFE1BA0145C004B8D3E /* JTImagePageView */ = {
			isa = PBXGroup;
			children = (
				52AB6DFF1BA0145C004B8D3E /* JTImagePageView.h */,
				52AB6E001BA0145C004B8D3E /* JTImagePageView.m */,
				52AB6E011BA0145C004B8D3E /* JTImageViewCell.h */,
				52AB6E021BA0145C004B8D3E /* JTImageViewCell.m */,
				52AB6E031BA0145C004B8D3E /* JTImageViewCell.xib */,
			);
			path = JTImagePageView;
			sourceTree = "<group>";
		};
		52AB6E081BA01A76004B8D3E /* GlobalClass */ = {
			isa = PBXGroup;
			children = (
				D082B9571BC651A90029391C /* storyboard */,
				D082B9191BC609B30029391C /* DesignedView */,
				D0C605C21BB922F2005E0086 /* LightPersistance */,
				D0C605AA1BB8D40D005E0086 /* userbase */,
				52AB6E091BA01AD2004B8D3E /* AMHTTPRequest.swift */,
			);
			path = GlobalClass;
			sourceTree = "<group>";
		};
		52AB6E0D1BA2BDB0004B8D3E /* Model */ = {
			isa = PBXGroup;
			children = (
				52AB6E0E1BA52B39004B8D3E /* AMHomeModel.swift */,
				52AB6E101BA5B62B004B8D3E /* AMProduct.swift */,
				52AB6E121BB19CA9004B8D3E /* AMAdvertising.swift */,
				D082B9531BC643C00029391C /* AMShop.swift */,
				D082B97C1BC667140029391C /* AMOrderLine.swift */,
			);
			path = Model;
			sourceTree = "<group>";
		};
		52F9FD7D1B9FDC280067C498 /* CustomViews */ = {
			isa = PBXGroup;
			children = (
				D09E20071BBB8A9F00E37FA2 /* WatingView */,
				52F9FD7E1B9FDC280067C498 /* CustomCell */,
			);
			path = CustomViews;
			sourceTree = "<group>";
		};
		52F9FD7E1B9FDC280067C498 /* CustomCell */ = {
			isa = PBXGroup;
			children = (
				52AB6E0B1BA121E4004B8D3E /* AMProductCollectionCell.swift */,
			);
			path = CustomCell;
			sourceTree = "<group>";
		};
		9330753642AD30448769E970 /* Pods */ = {
			isa = PBXGroup;
			children = (
				4E796A3DBBE210B9D6104609 /* Pods-AutoMall.debug.xcconfig */,
				A3419E18DBA05A391457B162 /* Pods-AutoMall.release.xcconfig */,
			);
			name = Pods;
			sourceTree = "<group>";
		};
		CFE29BD7059DF73CC82876F1 /* Frameworks */ = {
			isa = PBXGroup;
			children = (
				40D5C940865B17A3538A5E84 /* libPods-AutoMall.a */,
			);
			name = Frameworks;
			sourceTree = "<group>";
		};
		D07E193B1BB50BDE0092C1CE /* Extension */ = {
			isa = PBXGroup;
			children = (
				D082B9291BC60B370029391C /* UIView+AwakeNib.h */,
				D082B92A1BC60B370029391C /* UIView+AwakeNib.m */,
				D082B9411BC619B00029391C /* UIViewFit.swift */,
				D082B9431BC61B480029391C /* UIScreenExtension.swift */,
			);
			name = Extension;
			sourceTree = "<group>";
		};
		D082B9191BC609B30029391C /* DesignedView */ = {
			isa = PBXGroup;
			children = (
				D082B9251BC60B210029391C /* UIView+Designed.h */,
				D082B9261BC60B210029391C /* UIView+Designed.m */,
				D082B91C1BC60A600029391C /* DesignedButton.h */,
				D082B91D1BC60A600029391C /* DesignedButton.m */,
				D082B91E1BC60A600029391C /* DesignedView.h */,
				D082B91F1BC60A610029391C /* DesignedView.m */,
				D082B9201BC60A610029391C /* DesignedImageView.h */,
				D082B9211BC60A610029391C /* DesignedImageView.m */,
			);
			name = DesignedView;
			sourceTree = "<group>";
		};
		D082B9451BC63B1F0029391C /* myCollection */ = {
			isa = PBXGroup;
			children = (
				D082B94A1BC63BB00029391C /* cell */,
				D082B9461BC63B3C0029391C /* MyCollectionViewController.swift */,
				D082B94F1BC63E250029391C /* MyCollectionShopViewController.swift */,
				D082B94D1BC63E050029391C /* MyCollectionProductViewController.swift */,
			);
			name = myCollection;
			sourceTree = "<group>";
		};
		D082B94A1BC63BB00029391C /* cell */ = {
			isa = PBXGroup;
			children = (
				D082B94B1BC63D000029391C /* MyCollectionShopCell.swift */,
				D082B9551BC648B10029391C /* MyCollectionProductCell.swift */,
			);
			name = cell;
			sourceTree = "<group>";
		};
		D082B9571BC651A90029391C /* storyboard */ = {
			isa = PBXGroup;
			children = (
				D082B9581BC651D10029391C /* MyStoryboard.swift */,
			);
			name = storyboard;
			sourceTree = "<group>";
		};
		D082B95A1BC659ED0029391C /* SnapKit */ = {
			isa = PBXGroup;
			children = (
				D082B95B1BC659FB0029391C /* Constraint.swift */,
				D082B95C1BC659FB0029391C /* ConstraintAttributes.swift */,
				D082B95D1BC659FB0029391C /* ConstraintDescription.swift */,
				D082B95E1BC659FB0029391C /* ConstraintItem.swift */,
				D082B95F1BC659FB0029391C /* ConstraintMaker.swift */,
				D082B9601BC659FB0029391C /* ConstraintRelation.swift */,
				D082B9611BC659FB0029391C /* Debugging.swift */,
				D082B9621BC659FB0029391C /* EdgeInsets.swift */,
				D082B9631BC659FB0029391C /* Info.plist */,
				D082B9641BC659FB0029391C /* LayoutConstraint.swift */,
				D082B9651BC659FB0029391C /* SnapKit.h */,
				D082B9661BC659FB0029391C /* SnapKit.swift */,
				D082B9671BC659FB0029391C /* View+SnapKit.swift */,
				D082B9681BC659FB0029391C /* ViewController+SnapKit.swift */,
			);
			name = SnapKit;
			sourceTree = "<group>";
		};
		D082B9761BC65DC20029391C /* ReturnList */ = {
			isa = PBXGroup;
			children = (
				D082B9791BC6615D0029391C /* component */,
				D082B9771BC65E610029391C /* ReturnListViewController.swift */,
			);
			name = ReturnList;
			sourceTree = "<group>";
		};
		D082B9791BC6615D0029391C /* component */ = {
			isa = PBXGroup;
			children = (
				D082B97A1BC662950029391C /* ReturnListCell.swift */,
			);
			name = component;
			sourceTree = "<group>";
		};
		D092FB191BB38B6E00162251 /* MainViewController */ = {
			isa = PBXGroup;
			children = (
				D092FB1A1BB38B6E00162251 /* MainViewController.swift */,
			);
			path = MainViewController;
			sourceTree = "<group>";
		};
		D092FB221BB3A04C00162251 /* components */ = {
			isa = PBXGroup;
			children = (
				D0BA7DF01BB3C3D900AE3343 /* MineCommonCell.swift */,
				D0BA7DF11BB3C3D900AE3343 /* MineCommonCell.xib */,
				D0BA7DEC1BB3C3C500AE3343 /* MineOrderCell.swift */,
				D0BA7DED1BB3C3C500AE3343 /* MineOrderCell.xib */,
				D092FB261BB3A08F00162251 /* MineHeaderView.swift */,
				D082B9171BC6080C0029391C /* MineHeaderView.xib */,
			);
			name = components;
			sourceTree = "<group>";
		};
		D09E20071BBB8A9F00E37FA2 /* WatingView */ = {
			isa = PBXGroup;
			children = (
				D09E20301BBBA7A600E37FA2 /* AMProgressHUD.xcassets */,
				D09E20081BBB8A9F00E37FA2 /* AMProgressHUD.swift */,
			);
			path = WatingView;
			sourceTree = "<group>";
		};
		D0BA7DF41BB3E69600AE3343 /* OrderDone */ = {
			isa = PBXGroup;
			children = (
				D0BA7DF71BB3E6D200AE3343 /* component */,
				D0BA7DF51BB3E6C300AE3343 /* OrderDoneViewController.swift */,
			);
			name = OrderDone;
			sourceTree = "<group>";
		};
		D0BA7DF71BB3E6D200AE3343 /* component */ = {
			isa = PBXGroup;
			children = (
				D0BA7DF81BB3E6F100AE3343 /* OrderDoneCell.swift */,
				D0CF46E11BB4E9C800DCE007 /* OrderDoneCell.xib */,
			);
			name = component;
			sourceTree = "<group>";
		};
		D0C605AA1BB8D40D005E0086 /* userbase */ = {
			isa = PBXGroup;
			children = (
				D0C605C91BB92708005E0086 /* UserBase.swift */,
			);
			name = userbase;
			sourceTree = "<group>";
		};
		D0C605C21BB922F2005E0086 /* LightPersistance */ = {
			isa = PBXGroup;
			children = (
				D0C605C71BB92347005E0086 /* BaseFilePath.swift */,
				D0C605BE1BB91C0D005E0086 /* PersisFileHelper.swift */,
				D0C605BF1BB91C0D005E0086 /* PersisUserDefault.swift */,
			);
			name = LightPersistance;
			sourceTree = "<group>";
		};
		D0CF46DF1BB4E9A000DCE007 /* component */ = {
			isa = PBXGroup;
			children = (
				D0CF46E01BB4E9C800DCE007 /* ShopCarCell.swift */,
				D0BA7DF91BB3E6F100AE3343 /* ShopCarCell.xib */,
				D07E19391BB50ADE0092C1CE /* ShopCarHeaderFooterView.swift */,
			);
			name = component;
			sourceTree = "<group>";
		};
/* End PBXGroup section */

/* Begin PBXNativeTarget section */
		5206E8881B94325B000F46B6 /* AutoMall */ = {
			isa = PBXNativeTarget;
			buildConfigurationList = 5206E8A61B94325B000F46B6 /* Build configuration list for PBXNativeTarget "AutoMall" */;
			buildPhases = (
				60DD8651597E0319FAE8ED76 /* Check Pods Manifest.lock */,
				5206E8851B94325B000F46B6 /* Sources */,
				5206E8861B94325B000F46B6 /* Frameworks */,
				5206E8871B94325B000F46B6 /* Resources */,
				D60D901E6A419568F6BC08DD /* Copy Pods Resources */,
			);
			buildRules = (
			);
			dependencies = (
			);
			name = AutoMall;
			productName = AutoMall;
			productReference = 5206E8891B94325B000F46B6 /* AutoMall.app */;
			productType = "com.apple.product-type.application";
		};
		5206E89C1B94325B000F46B6 /* AutoMallTests */ = {
			isa = PBXNativeTarget;
			buildConfigurationList = 5206E8A91B94325B000F46B6 /* Build configuration list for PBXNativeTarget "AutoMallTests" */;
			buildPhases = (
				5206E8991B94325B000F46B6 /* Sources */,
				5206E89A1B94325B000F46B6 /* Frameworks */,
				5206E89B1B94325B000F46B6 /* Resources */,
			);
			buildRules = (
			);
			dependencies = (
				5206E89F1B94325B000F46B6 /* PBXTargetDependency */,
			);
			name = AutoMallTests;
			productName = AutoMallTests;
			productReference = 5206E89D1B94325B000F46B6 /* AutoMallTests.xctest */;
			productType = "com.apple.product-type.bundle.unit-test";
		};
/* End PBXNativeTarget section */

/* Begin PBXProject section */
		5206E8811B94325B000F46B6 /* Project object */ = {
			isa = PBXProject;
			attributes = {
				LastSwiftMigration = 0700;
				LastSwiftUpdateCheck = 0700;
				LastUpgradeCheck = 0700;
				ORGANIZATIONNAME = ZookParts;
				TargetAttributes = {
					5206E8881B94325B000F46B6 = {
						CreatedOnToolsVersion = 7.0;
					};
					5206E89C1B94325B000F46B6 = {
						CreatedOnToolsVersion = 7.0;
						TestTargetID = 5206E8881B94325B000F46B6;
					};
				};
			};
			buildConfigurationList = 5206E8841B94325B000F46B6 /* Build configuration list for PBXProject "AutoMall" */;
			compatibilityVersion = "Xcode 3.2";
			developmentRegion = English;
			hasScannedForEncodings = 0;
			knownRegions = (
				en,
				Base,
			);
			mainGroup = 5206E8801B94325B000F46B6;
			productRefGroup = 5206E88A1B94325B000F46B6 /* Products */;
			projectDirPath = "";
			projectRoot = "";
			targets = (
				5206E8881B94325B000F46B6 /* AutoMall */,
				5206E89C1B94325B000F46B6 /* AutoMallTests */,
			);
		};
/* End PBXProject section */

/* Begin PBXResourcesBuildPhase section */
		5206E8871B94325B000F46B6 /* Resources */ = {
			isa = PBXResourcesBuildPhase;
			buildActionMask = 2147483647;
			files = (
				D0CF46E31BB4E9C800DCE007 /* OrderDoneCell.xib in Resources */,
				D09E20331BBBCDC800E37FA2 /* ShopCarViewController.xib in Resources */,
				D0BA7DEF1BB3C3C500AE3343 /* MineOrderCell.xib in Resources */,
				D0BA7DF31BB3C3D900AE3343 /* MineCommonCell.xib in Resources */,
				D092FB1D1BB38F7500162251 /* Launch Screen.storyboard in Resources */,
				52AB6E061BA0145C004B8D3E /* JTImageViewCell.xib in Resources */,
				D0BA7DFB1BB3E6F100AE3343 /* ShopCarCell.xib in Resources */,
				D082B9181BC6080C0029391C /* MineHeaderView.xib in Resources */,
				D082B9711BC659FB0029391C /* Info.plist in Resources */,
				5206E8941B94325B000F46B6 /* Assets.xcassets in Resources */,
				D09E20311BBBA7A600E37FA2 /* AMProgressHUD.xcassets in Resources */,
				D092FB211BB398DA00162251 /* Main.storyboard in Resources */,
			);
			runOnlyForDeploymentPostprocessing = 0;
		};
		5206E89B1B94325B000F46B6 /* Resources */ = {
			isa = PBXResourcesBuildPhase;
			buildActionMask = 2147483647;
			files = (
			);
			runOnlyForDeploymentPostprocessing = 0;
		};
/* End PBXResourcesBuildPhase section */

/* Begin PBXShellScriptBuildPhase section */
		60DD8651597E0319FAE8ED76 /* Check Pods Manifest.lock */ = {
			isa = PBXShellScriptBuildPhase;
			buildActionMask = 2147483647;
			files = (
			);
			inputPaths = (
			);
			name = "Check Pods Manifest.lock";
			outputPaths = (
			);
			runOnlyForDeploymentPostprocessing = 0;
			shellPath = /bin/sh;
			shellScript = "diff \"${PODS_ROOT}/../Podfile.lock\" \"${PODS_ROOT}/Manifest.lock\" > /dev/null\nif [[ $? != 0 ]] ; then\n    cat << EOM\nerror: The sandbox is not in sync with the Podfile.lock. Run 'pod install' or update your CocoaPods installation.\nEOM\n    exit 1\nfi\n";
			showEnvVarsInLog = 0;
		};
		D60D901E6A419568F6BC08DD /* Copy Pods Resources */ = {
			isa = PBXShellScriptBuildPhase;
			buildActionMask = 2147483647;
			files = (
			);
			inputPaths = (
			);
			name = "Copy Pods Resources";
			outputPaths = (
			);
			runOnlyForDeploymentPostprocessing = 0;
			shellPath = /bin/sh;
			shellScript = "\"${SRCROOT}/Pods/Target Support Files/Pods-AutoMall/Pods-AutoMall-resources.sh\"\n";
			showEnvVarsInLog = 0;
		};
/* End PBXShellScriptBuildPhase section */

/* Begin PBXSourcesBuildPhase section */
		5206E8851B94325B000F46B6 /* Sources */ = {
			isa = PBXSourcesBuildPhase;
			buildActionMask = 2147483647;
			files = (
				D082B9721BC659FB0029391C /* LayoutConstraint.swift in Sources */,
				D082B9731BC659FB0029391C /* SnapKit.swift in Sources */,
				D09E200A1BBB8A9F00E37FA2 /* AMProgressHUD.swift in Sources */,
				52343F441B99895800E0A977 /* SearchViewController.swift in Sources */,
				D082B9521BC63F440029391C /* requestDemo.swift in Sources */,
				D0BA7DF21BB3C3D900AE3343 /* MineCommonCell.swift in Sources */,
				D082B9231BC60A610029391C /* DesignedView.m in Sources */,
				D082B94C1BC63D000029391C /* MyCollectionShopCell.swift in Sources */,
				D092FB1B1BB38B6E00162251 /* MainViewController.swift in Sources */,
				D082B9541BC643C00029391C /* AMShop.swift in Sources */,
				52343F461B99896800E0A977 /* ShopCarViewController.swift in Sources */,
				D082B96A1BC659FB0029391C /* ConstraintAttributes.swift in Sources */,
				D0BA7DEE1BB3C3C500AE3343 /* MineOrderCell.swift in Sources */,
				52AB6E051BA0145C004B8D3E /* JTImageViewCell.m in Sources */,
				52AB6E111BA5B62B004B8D3E /* AMProduct.swift in Sources */,
				D082B9501BC63E250029391C /* MyCollectionShopViewController.swift in Sources */,
				D082B9221BC60A610029391C /* DesignedButton.m in Sources */,
				D0C605C81BB92347005E0086 /* BaseFilePath.swift in Sources */,
				5206E88D1B94325B000F46B6 /* AMAppDelegate.swift in Sources */,
				52AB6E131BB19CA9004B8D3E /* AMAdvertising.swift in Sources */,
				D082B9421BC619B00029391C /* UIViewFit.swift in Sources */,
				D082B97D1BC667140029391C /* AMOrderLine.swift in Sources */,
				D0C605C01BB91C0D005E0086 /* PersisFileHelper.swift in Sources */,
				D092FB271BB3A08F00162251 /* MineHeaderView.swift in Sources */,
				D082B96F1BC659FB0029391C /* Debugging.swift in Sources */,
				D082B9741BC659FB0029391C /* View+SnapKit.swift in Sources */,
				52343F481B99897800E0A977 /* SortViewController.swift in Sources */,
				D0BA7DFA1BB3E6F100AE3343 /* OrderDoneCell.swift in Sources */,
				D082B9701BC659FB0029391C /* EdgeInsets.swift in Sources */,
				D082B94E1BC63E050029391C /* MyCollectionProductViewController.swift in Sources */,
				D082B96D1BC659FB0029391C /* ConstraintMaker.swift in Sources */,
				D0BA7DF61BB3E6C300AE3343 /* OrderDoneViewController.swift in Sources */,
				52AB6E041BA0145C004B8D3E /* JTImagePageView.m in Sources */,
				52AB6E0A1BA01AD2004B8D3E /* AMHTTPRequest.swift in Sources */,
				D082B97B1BC662950029391C /* ReturnListCell.swift in Sources */,
				D082B9561BC648B10029391C /* MyCollectionProductCell.swift in Sources */,
				52AB6E0F1BA52B39004B8D3E /* AMHomeModel.swift in Sources */,
				D082B9751BC659FB0029391C /* ViewController+SnapKit.swift in Sources */,
				D07E193A1BB50ADE0092C1CE /* ShopCarHeaderFooterView.swift in Sources */,
				D082B9691BC659FB0029391C /* Constraint.swift in Sources */,
				D082B92B1BC60B370029391C /* UIView+AwakeNib.m in Sources */,
				52343F3F1B99893100E0A977 /* HomeViewController.swift in Sources */,
				D082B9481BC63B3C0029391C /* MyCollectionViewController.swift in Sources */,
				D082B9591BC651D10029391C /* MyStoryboard.swift in Sources */,
				D0C605CA1BB92708005E0086 /* UserBase.swift in Sources */,
				D082B9781BC65E610029391C /* ReturnListViewController.swift in Sources */,
				D0C605C11BB91C0D005E0086 /* PersisUserDefault.swift in Sources */,
				D0CF46E21BB4E9C800DCE007 /* ShopCarCell.swift in Sources */,
				52343F421B99894900E0A977 /* MineViewController.swift in Sources */,
				52AB6E0C1BA121E4004B8D3E /* AMProductCollectionCell.swift in Sources */,
				D082B96E1BC659FB0029391C /* ConstraintRelation.swift in Sources */,
				D082B9241BC60A610029391C /* DesignedImageView.m in Sources */,
				D082B9271BC60B210029391C /* UIView+Designed.m in Sources */,
				D082B96B1BC659FB0029391C /* ConstraintDescription.swift in Sources */,
				D082B96C1BC659FB0029391C /* ConstraintItem.swift in Sources */,
			);
			runOnlyForDeploymentPostprocessing = 0;
		};
		5206E8991B94325B000F46B6 /* Sources */ = {
			isa = PBXSourcesBuildPhase;
			buildActionMask = 2147483647;
			files = (
				D082B9841BC75CCB0029391C /* ReturnListViewController.swift in Sources */,
				5206E8A21B94325B000F46B6 /* AutoMallTests.swift in Sources */,
			);
			runOnlyForDeploymentPostprocessing = 0;
		};
/* End PBXSourcesBuildPhase section */

/* Begin PBXTargetDependency section */
		5206E89F1B94325B000F46B6 /* PBXTargetDependency */ = {
			isa = PBXTargetDependency;
			target = 5206E8881B94325B000F46B6 /* AutoMall */;
			targetProxy = 5206E89E1B94325B000F46B6 /* PBXContainerItemProxy */;
		};
/* End PBXTargetDependency section */

/* Begin XCBuildConfiguration section */
		5206E8A41B94325B000F46B6 /* Debug */ = {
			isa = XCBuildConfiguration;
			buildSettings = {
				ALWAYS_SEARCH_USER_PATHS = NO;
				CLANG_CXX_LANGUAGE_STANDARD = "gnu++0x";
				CLANG_CXX_LIBRARY = "libc++";
				CLANG_ENABLE_MODULES = YES;
				CLANG_ENABLE_OBJC_ARC = YES;
				CLANG_WARN_BOOL_CONVERSION = YES;
				CLANG_WARN_CONSTANT_CONVERSION = YES;
				CLANG_WARN_DIRECT_OBJC_ISA_USAGE = YES_ERROR;
				CLANG_WARN_EMPTY_BODY = YES;
				CLANG_WARN_ENUM_CONVERSION = YES;
				CLANG_WARN_INT_CONVERSION = YES;
				CLANG_WARN_OBJC_ROOT_CLASS = YES_ERROR;
				CLANG_WARN_UNREACHABLE_CODE = YES;
				CLANG_WARN__DUPLICATE_METHOD_MATCH = YES;
				"CODE_SIGN_IDENTITY[sdk=iphoneos*]" = "iPhone Developer";
				COPY_PHASE_STRIP = NO;
				DEBUG_INFORMATION_FORMAT = dwarf;
				ENABLE_STRICT_OBJC_MSGSEND = YES;
				ENABLE_TESTABILITY = YES;
				GCC_C_LANGUAGE_STANDARD = gnu99;
				GCC_DYNAMIC_NO_PIC = NO;
				GCC_NO_COMMON_BLOCKS = YES;
				GCC_OPTIMIZATION_LEVEL = 0;
				GCC_PREPROCESSOR_DEFINITIONS = (
					"DEBUG=1",
					"$(inherited)",
				);
				GCC_WARN_64_TO_32_BIT_CONVERSION = YES;
				GCC_WARN_ABOUT_RETURN_TYPE = YES_ERROR;
				GCC_WARN_UNDECLARED_SELECTOR = YES;
				GCC_WARN_UNINITIALIZED_AUTOS = YES_AGGRESSIVE;
				GCC_WARN_UNUSED_FUNCTION = YES;
				GCC_WARN_UNUSED_VARIABLE = YES;
				IPHONEOS_DEPLOYMENT_TARGET = 7.0;
				MTL_ENABLE_DEBUG_INFO = YES;
				ONLY_ACTIVE_ARCH = YES;
				SDKROOT = iphoneos;
				SWIFT_OPTIMIZATION_LEVEL = "-Onone";
			};
			name = Debug;
		};
		5206E8A51B94325B000F46B6 /* Release */ = {
			isa = XCBuildConfiguration;
			buildSettings = {
				ALWAYS_SEARCH_USER_PATHS = NO;
				CLANG_CXX_LANGUAGE_STANDARD = "gnu++0x";
				CLANG_CXX_LIBRARY = "libc++";
				CLANG_ENABLE_MODULES = YES;
				CLANG_ENABLE_OBJC_ARC = YES;
				CLANG_WARN_BOOL_CONVERSION = YES;
				CLANG_WARN_CONSTANT_CONVERSION = YES;
				CLANG_WARN_DIRECT_OBJC_ISA_USAGE = YES_ERROR;
				CLANG_WARN_EMPTY_BODY = YES;
				CLANG_WARN_ENUM_CONVERSION = YES;
				CLANG_WARN_INT_CONVERSION = YES;
				CLANG_WARN_OBJC_ROOT_CLASS = YES_ERROR;
				CLANG_WARN_UNREACHABLE_CODE = YES;
				CLANG_WARN__DUPLICATE_METHOD_MATCH = YES;
				"CODE_SIGN_IDENTITY[sdk=iphoneos*]" = "iPhone Developer";
				COPY_PHASE_STRIP = NO;
				DEBUG_INFORMATION_FORMAT = "dwarf-with-dsym";
				ENABLE_NS_ASSERTIONS = NO;
				ENABLE_STRICT_OBJC_MSGSEND = YES;
				GCC_C_LANGUAGE_STANDARD = gnu99;
				GCC_NO_COMMON_BLOCKS = YES;
				GCC_WARN_64_TO_32_BIT_CONVERSION = YES;
				GCC_WARN_ABOUT_RETURN_TYPE = YES_ERROR;
				GCC_WARN_UNDECLARED_SELECTOR = YES;
				GCC_WARN_UNINITIALIZED_AUTOS = YES_AGGRESSIVE;
				GCC_WARN_UNUSED_FUNCTION = YES;
				GCC_WARN_UNUSED_VARIABLE = YES;
				IPHONEOS_DEPLOYMENT_TARGET = 7.0;
				MTL_ENABLE_DEBUG_INFO = NO;
				SDKROOT = iphoneos;
				VALIDATE_PRODUCT = YES;
			};
			name = Release;
		};
		5206E8A71B94325B000F46B6 /* Debug */ = {
			isa = XCBuildConfiguration;
			baseConfigurationReference = 4E796A3DBBE210B9D6104609 /* Pods-AutoMall.debug.xcconfig */;
			buildSettings = {
				ASSETCATALOG_COMPILER_APPICON_NAME = AppIcon;
				ASSETCATALOG_COMPILER_LAUNCHIMAGE_NAME = LaunchImage;
				INFOPLIST_FILE = AutoMall/Info.plist;
				IPHONEOS_DEPLOYMENT_TARGET = 7.0;
				LD_RUNPATH_SEARCH_PATHS = "$(inherited) @executable_path/Frameworks";
				PRODUCT_BUNDLE_IDENTIFIER = ZookParts.AutoMall;
				PRODUCT_NAME = "$(TARGET_NAME)";
				SWIFT_OBJC_BRIDGING_HEADER = "$(SRCROOT)/AutoMall/OtherSource/AutoMall-Bridging-Header.h";
			};
			name = Debug;
		};
		5206E8A81B94325B000F46B6 /* Release */ = {
			isa = XCBuildConfiguration;
			baseConfigurationReference = A3419E18DBA05A391457B162 /* Pods-AutoMall.release.xcconfig */;
			buildSettings = {
				ASSETCATALOG_COMPILER_APPICON_NAME = AppIcon;
				ASSETCATALOG_COMPILER_LAUNCHIMAGE_NAME = LaunchImage;
				INFOPLIST_FILE = AutoMall/Info.plist;
				IPHONEOS_DEPLOYMENT_TARGET = 7.0;
				LD_RUNPATH_SEARCH_PATHS = "$(inherited) @executable_path/Frameworks";
				PRODUCT_BUNDLE_IDENTIFIER = ZookParts.AutoMall;
				PRODUCT_NAME = "$(TARGET_NAME)";
				SWIFT_OBJC_BRIDGING_HEADER = "$(SRCROOT)/AutoMall/OtherSource/AutoMall-Bridging-Header.h";
			};
			name = Release;
		};
		5206E8AA1B94325B000F46B6 /* Debug */ = {
			isa = XCBuildConfiguration;
			baseConfigurationReference = 4E796A3DBBE210B9D6104609 /* Pods-AutoMall.debug.xcconfig */;
			buildSettings = {
				BUNDLE_LOADER = "$(TEST_HOST)";
				INFOPLIST_FILE = AutoMallTests/Info.plist;
				LD_RUNPATH_SEARCH_PATHS = "$(inherited) @executable_path/Frameworks @loader_path/Frameworks";
				PRODUCT_BUNDLE_IDENTIFIER = ZookParts.AutoMallTests;
				PRODUCT_NAME = "$(TARGET_NAME)";
				TEST_HOST = "$(BUILT_PRODUCTS_DIR)/AutoMall.app/AutoMall";
			};
			name = Debug;
		};
		5206E8AB1B94325B000F46B6 /* Release */ = {
			isa = XCBuildConfiguration;
			baseConfigurationReference = A3419E18DBA05A391457B162 /* Pods-AutoMall.release.xcconfig */;
			buildSettings = {
				BUNDLE_LOADER = "$(TEST_HOST)";
				INFOPLIST_FILE = AutoMallTests/Info.plist;
				LD_RUNPATH_SEARCH_PATHS = "$(inherited) @executable_path/Frameworks @loader_path/Frameworks";
				PRODUCT_BUNDLE_IDENTIFIER = ZookParts.AutoMallTests;
				PRODUCT_NAME = "$(TARGET_NAME)";
				TEST_HOST = "$(BUILT_PRODUCTS_DIR)/AutoMall.app/AutoMall";
			};
			name = Release;
		};
/* End XCBuildConfiguration section */

/* Begin XCConfigurationList section */
		5206E8841B94325B000F46B6 /* Build configuration list for PBXProject "AutoMall" */ = {
			isa = XCConfigurationList;
			buildConfigurations = (
				5206E8A41B94325B000F46B6 /* Debug */,
				5206E8A51B94325B000F46B6 /* Release */,
			);
			defaultConfigurationIsVisible = 0;
			defaultConfigurationName = Release;
		};
		5206E8A61B94325B000F46B6 /* Build configuration list for PBXNativeTarget "AutoMall" */ = {
			isa = XCConfigurationList;
			buildConfigurations = (
				5206E8A71B94325B000F46B6 /* Debug */,
				5206E8A81B94325B000F46B6 /* Release */,
			);
			defaultConfigurationIsVisible = 0;
			defaultConfigurationName = Release;
		};
		5206E8A91B94325B000F46B6 /* Build configuration list for PBXNativeTarget "AutoMallTests" */ = {
			isa = XCConfigurationList;
			buildConfigurations = (
				5206E8AA1B94325B000F46B6 /* Debug */,
				5206E8AB1B94325B000F46B6 /* Release */,
			);
			defaultConfigurationIsVisible = 0;
			defaultConfigurationName = Release;
		};
/* End XCConfigurationList section */
	};
	rootObject = 5206E8811B94325B000F46B6 /* Project object */;
}
